
Microsoft Visual Studio Solution File, Format Version 12.00
# Visual Studio Version 16
VisualStudioVersion = 16.0.28721.148
MinimumVisualStudioVersion = 10.0.40219.1
Project("{FAE04EC0-301F-11D3-BF4B-00C04F79EFBC}") = "NeoVastLib", "NeoVastLib\NeoVastLib.csproj", "{8D07CD45-06F1-4FE8-A1CB-26B39B5516A1}"
EndProject
Project("{2150E333-8FDC-42A3-9474-1A3956D46DE8}") = "Solution Items", "Solution Items", "{B36C7B2C-4B84-4B4C-9652-FC0563AF03BB}"
	ProjectSection(SolutionItems) = preProject
		Elements and attributes.txt = Elements and attributes.txt
		vast_4.1.xsd = vast_4.1.xsd
	EndProjectSection
EndProject
Project("{FAE04EC0-301F-11D3-BF4B-00C04F79EFBC}") = "NeoVastLibTestHarness", "NeoVastLibTestHarness\NeoVastLibTestHarness.csproj", "{08052531-F462-4ABC-8329-E9B160A7EEF3}"
EndProject
Global
	GlobalSection(SolutionConfigurationPlatforms) = preSolution
		Debug|Any CPU = Debug|Any CPU
		Release|Any CPU = Release|Any CPU
	EndGlobalSection
	GlobalSection(ProjectConfigurationPlatforms) = postSolution
		{8D07CD45-06F1-4FE8-A1CB-26B39B5516A1}.Debug|Any CPU.ActiveCfg = Debug|Any CPU
		{8D07CD45-06F1-4FE8-A1CB-26B39B5516A1}.Debug|Any CPU.Build.0 = Debug|Any CPU
		{8D07CD45-06F1-4FE8-A1CB-26B39B5516A1}.Release|Any CPU.ActiveCfg = Release|Any CPU
		{8D07CD45-06F1-4FE8-A1CB-26B39B5516A1}.Release|Any CPU.Build.0 = Release|Any CPU
		{08052531-F462-4ABC-8329-E9B160A7EEF3}.Debug|Any CPU.ActiveCfg = Debug|Any CPU
		{08052531-F462-4ABC-8329-E9B160A7EEF3}.Debug|Any CPU.Build.0 = Debug|Any CPU
		{08052531-F462-4ABC-8329-E9B160A7EEF3}.Release|Any CPU.ActiveCfg = Release|Any CPU
		{08052531-F462-4ABC-8329-E9B160A7EEF3}.Release|Any CPU.Build.0 = Release|Any CPU
	EndGlobalSection
	GlobalSection(SolutionProperties) = preSolution
		HideSolutionNode = FALSE
	EndGlobalSection
	GlobalSection(ExtensibilityGlobals) = postSolution
		SolutionGuid = {94A7B471-6542-47BC-BE4D-B92195B27B06}
	EndGlobalSection
EndGlobal
